// !$*UTF8*$!
{
	archiveVersion = 1;
	classes = {
	};
	objectVersion = 56;
	objects = {

/* Begin PBXBuildFile section */
		FB0D31262A9B4DEE002882C7 /* TimerViewOnViewState.swift in Sources */ = {isa = PBXBuildFile; fileRef = FB0D31252A9B4DEE002882C7 /* TimerViewOnViewState.swift */; };
		FB0D31282A9B50A2002882C7 /* TimerViewControllerOnViewState.swift in Sources */ = {isa = PBXBuildFile; fileRef = FB0D31272A9B50A2002882C7 /* TimerViewControllerOnViewState.swift */; };
		FB926EF22A7D502700FBCADA /* AppDelegate.swift in Sources */ = {isa = PBXBuildFile; fileRef = FB926EF12A7D502700FBCADA /* AppDelegate.swift */; };
		FB926EF42A7D502700FBCADA /* SceneDelegate.swift in Sources */ = {isa = PBXBuildFile; fileRef = FB926EF32A7D502700FBCADA /* SceneDelegate.swift */; };
		FB926EFB2A7D502800FBCADA /* Assets.xcassets in Resources */ = {isa = PBXBuildFile; fileRef = FB926EFA2A7D502800FBCADA /* Assets.xcassets */; };
		FB926F092A7D507500FBCADA /* TimerViewControllerOnViewModel.swift in Sources */ = {isa = PBXBuildFile; fileRef = FB926F052A7D507500FBCADA /* TimerViewControllerOnViewModel.swift */; };
		FB926F0A2A7D507500FBCADA /* TimeManagerImpl.swift in Sources */ = {isa = PBXBuildFile; fileRef = FB926F062A7D507500FBCADA /* TimeManagerImpl.swift */; };
		FB926F0B2A7D507500FBCADA /* TimeManagerInterface.swift in Sources */ = {isa = PBXBuildFile; fileRef = FB926F072A7D507500FBCADA /* TimeManagerInterface.swift */; };
		FB926F0C2A7D507500FBCADA /* TimerViewOnViewModel.swift in Sources */ = {isa = PBXBuildFile; fileRef = FB926F082A7D507500FBCADA /* TimerViewOnViewModel.swift */; };
		FB9FF8E22A7D519B00DCA25D /* ViewStateBasedSwiftUI in Frameworks */ = {isa = PBXBuildFile; productRef = FB9FF8E12A7D519B00DCA25D /* ViewStateBasedSwiftUI */; };
		FB9FF8E52A7D521F00DCA25D /* AsyncAlgorithms in Frameworks */ = {isa = PBXBuildFile; productRef = FB9FF8E42A7D521F00DCA25D /* AsyncAlgorithms */; };
/* End PBXBuildFile section */

/* Begin PBXFileReference section */
		FB0D31252A9B4DEE002882C7 /* TimerViewOnViewState.swift */ = {isa = PBXFileReference; lastKnownFileType = sourcecode.swift; path = TimerViewOnViewState.swift; sourceTree = "<group>"; };
		FB0D31272A9B50A2002882C7 /* TimerViewControllerOnViewState.swift */ = {isa = PBXFileReference; lastKnownFileType = sourcecode.swift; path = TimerViewControllerOnViewState.swift; sourceTree = "<group>"; };
		FB926EEE2A7D502700FBCADA /* Example.app */ = {isa = PBXFileReference; explicitFileType = wrapper.application; includeInIndex = 0; path = Example.app; sourceTree = BUILT_PRODUCTS_DIR; };
		FB926EF12A7D502700FBCADA /* AppDelegate.swift */ = {isa = PBXFileReference; lastKnownFileType = sourcecode.swift; path = AppDelegate.swift; sourceTree = "<group>"; };
		FB926EF32A7D502700FBCADA /* SceneDelegate.swift */ = {isa = PBXFileReference; lastKnownFileType = sourcecode.swift; path = SceneDelegate.swift; sourceTree = "<group>"; };
		FB926EFA2A7D502800FBCADA /* Assets.xcassets */ = {isa = PBXFileReference; lastKnownFileType = folder.assetcatalog; path = Assets.xcassets; sourceTree = "<group>"; };
		FB926EFF2A7D502800FBCADA /* Info.plist */ = {isa = PBXFileReference; lastKnownFileType = text.plist.xml; path = Info.plist; sourceTree = "<group>"; };
		FB926F052A7D507500FBCADA /* TimerViewControllerOnViewModel.swift */ = {isa = PBXFileReference; fileEncoding = 4; lastKnownFileType = sourcecode.swift; path = TimerViewControllerOnViewModel.swift; sourceTree = "<group>"; };
		FB926F062A7D507500FBCADA /* TimeManagerImpl.swift */ = {isa = PBXFileReference; fileEncoding = 4; lastKnownFileType = sourcecode.swift; path = TimeManagerImpl.swift; sourceTree = "<group>"; };
		FB926F072A7D507500FBCADA /* TimeManagerInterface.swift */ = {isa = PBXFileReference; fileEncoding = 4; lastKnownFileType = sourcecode.swift; path = TimeManagerInterface.swift; sourceTree = "<group>"; };
		FB926F082A7D507500FBCADA /* TimerViewOnViewModel.swift */ = {isa = PBXFileReference; fileEncoding = 4; lastKnownFileType = sourcecode.swift; path = TimerViewOnViewModel.swift; sourceTree = "<group>"; };
		FB926F0E2A7D50CB00FBCADA /* ViewStateBasedSwiftUI */ = {isa = PBXFileReference; lastKnownFileType = wrapper; name = ViewStateBasedSwiftUI; path = ..; sourceTree = "<group>"; };
/* End PBXFileReference section */

/* Begin PBXFrameworksBuildPhase section */
		FB926EEB2A7D502700FBCADA /* Frameworks */ = {
			isa = PBXFrameworksBuildPhase;
			buildActionMask = 2147483647;
			files = (
				FB9FF8E22A7D519B00DCA25D /* ViewStateBasedSwiftUI in Frameworks */,
				FB9FF8E52A7D521F00DCA25D /* AsyncAlgorithms in Frameworks */,
			);
			runOnlyForDeploymentPostprocessing = 0;
		};
/* End PBXFrameworksBuildPhase section */

/* Begin PBXGroup section */
		FB926EE52A7D502700FBCADA = {
			isa = PBXGroup;
			children = (
				FB926F0D2A7D50CB00FBCADA /* Packages */,
				FB926EF02A7D502700FBCADA /* Example */,
				FB926EEF2A7D502700FBCADA /* Products */,
				FB9FF8E02A7D519B00DCA25D /* Frameworks */,
			);
			sourceTree = "<group>";
		};
		FB926EEF2A7D502700FBCADA /* Products */ = {
			isa = PBXGroup;
			children = (
				FB926EEE2A7D502700FBCADA /* Example.app */,
			);
			name = Products;
			sourceTree = "<group>";
		};
		FB926EF02A7D502700FBCADA /* Example */ = {
			isa = PBXGroup;
			children = (
				FB926EF12A7D502700FBCADA /* AppDelegate.swift */,
				FB926EF32A7D502700FBCADA /* SceneDelegate.swift */,
				FB926F062A7D507500FBCADA /* TimeManagerImpl.swift */,
				FB926F072A7D507500FBCADA /* TimeManagerInterface.swift */,
				FB926F082A7D507500FBCADA /* TimerViewOnViewModel.swift */,
				FB0D31252A9B4DEE002882C7 /* TimerViewOnViewState.swift */,
				FB926F052A7D507500FBCADA /* TimerViewControllerOnViewModel.swift */,
				FB0D31272A9B50A2002882C7 /* TimerViewControllerOnViewState.swift */,
				FB926EFA2A7D502800FBCADA /* Assets.xcassets */,
				FB926EFF2A7D502800FBCADA /* Info.plist */,
			);
			path = Example;
			sourceTree = "<group>";
		};
		FB926F0D2A7D50CB00FBCADA /* Packages */ = {
			isa = PBXGroup;
			children = (
				FB926F0E2A7D50CB00FBCADA /* ViewStateBasedSwiftUI */,
			);
			name = Packages;
			sourceTree = "<group>";
		};
		FB9FF8E02A7D519B00DCA25D /* Frameworks */ = {
			isa = PBXGroup;
			children = (
			);
			name = Frameworks;
			sourceTree = "<group>";
		};
/* End PBXGroup section */

/* Begin PBXNativeTarget section */
		FB926EED2A7D502700FBCADA /* Example */ = {
			isa = PBXNativeTarget;
			buildConfigurationList = FB926F022A7D502800FBCADA /* Build configuration list for PBXNativeTarget "Example" */;
			buildPhases = (
				FB926EEA2A7D502700FBCADA /* Sources */,
				FB926EEB2A7D502700FBCADA /* Frameworks */,
				FB926EEC2A7D502700FBCADA /* Resources */,
			);
			buildRules = (
			);
			dependencies = (
			);
			name = Example;
			packageProductDependencies = (
				FB9FF8E12A7D519B00DCA25D /* ViewStateBasedSwiftUI */,
				FB9FF8E42A7D521F00DCA25D /* AsyncAlgorithms */,
			);
			productName = Example;
			productReference = FB926EEE2A7D502700FBCADA /* Example.app */;
			productType = "com.apple.product-type.application";
		};
/* End PBXNativeTarget section */

/* Begin PBXProject section */
		FB926EE62A7D502700FBCADA /* Project object */ = {
			isa = PBXProject;
			attributes = {
				BuildIndependentTargetsInParallel = 1;
				LastSwiftUpdateCheck = 1430;
				LastUpgradeCheck = 1430;
				TargetAttributes = {
					FB926EED2A7D502700FBCADA = {
						CreatedOnToolsVersion = 14.3;
					};
				};
			};
			buildConfigurationList = FB926EE92A7D502700FBCADA /* Build configuration list for PBXProject "Example" */;
			compatibilityVersion = "Xcode 14.0";
			developmentRegion = en;
			hasScannedForEncodings = 0;
			knownRegions = (
				en,
				Base,
			);
			mainGroup = FB926EE52A7D502700FBCADA;
			packageReferences = (
				FB9FF8E32A7D521F00DCA25D /* XCRemoteSwiftPackageReference "swift-async-algorithms" */,
			);
			productRefGroup = FB926EEF2A7D502700FBCADA /* Products */;
			projectDirPath = "";
			projectRoot = "";
			targets = (
				FB926EED2A7D502700FBCADA /* Example */,
			);
		};
/* End PBXProject section */

/* Begin PBXResourcesBuildPhase section */
		FB926EEC2A7D502700FBCADA /* Resources */ = {
			isa = PBXResourcesBuildPhase;
			buildActionMask = 2147483647;
			files = (
				FB926EFB2A7D502800FBCADA /* Assets.xcassets in Resources */,
			);
			runOnlyForDeploymentPostprocessing = 0;
		};
/* End PBXResourcesBuildPhase section */

/* Begin PBXSourcesBuildPhase section */
		FB926EEA2A7D502700FBCADA /* Sources */ = {
			isa = PBXSourcesBuildPhase;
			buildActionMask = 2147483647;
			files = (
				FB0D31282A9B50A2002882C7 /* TimerViewControllerOnViewState.swift in Sources */,
				FB926F0C2A7D507500FBCADA /* TimerViewOnViewModel.swift in Sources */,
				FB0D31262A9B4DEE002882C7 /* TimerViewOnViewState.swift in Sources */,
				FB926F0A2A7D507500FBCADA /* TimeManagerImpl.swift in Sources */,
				FB926F0B2A7D507500FBCADA /* TimeManagerInterface.swift in Sources */,
				FB926EF22A7D502700FBCADA /* AppDelegate.swift in Sources */,
				FB926F092A7D507500FBCADA /* TimerViewControllerOnViewModel.swift in Sources */,
				FB926EF42A7D502700FBCADA /* SceneDelegate.swift in Sources */,
			);
			runOnlyForDeploymentPostprocessing = 0;
		};
/* End PBXSourcesBuildPhase section */

/* Begin XCBuildConfiguration section */
		FB926F002A7D502800FBCADA /* Debug */ = {
			isa = XCBuildConfiguration;
			buildSettings = {
				ALWAYS_SEARCH_USER_PATHS = NO;
				CLANG_ANALYZER_NONNULL = YES;
				CLANG_ANALYZER_NUMBER_OBJECT_CONVERSION = YES_AGGRESSIVE;
				CLANG_CXX_LANGUAGE_STANDARD = "gnu++20";
				CLANG_ENABLE_MODULES = YES;
				CLANG_ENABLE_OBJC_ARC = YES;
				CLANG_ENABLE_OBJC_WEAK = YES;
				CLANG_WARN_BLOCK_CAPTURE_AUTORELEASING = YES;
				CLANG_WARN_BOOL_CONVERSION = YES;
				CLANG_WARN_COMMA = YES;
				CLANG_WARN_CONSTANT_CONVERSION = YES;
				CLANG_WARN_DEPRECATED_OBJC_IMPLEMENTATIONS = YES;
				CLANG_WARN_DIRECT_OBJC_ISA_USAGE = YES_ERROR;
				CLANG_WARN_DOCUMENTATION_COMMENTS = YES;
				CLANG_WARN_EMPTY_BODY = YES;
				CLANG_WARN_ENUM_CONVERSION = YES;
				CLANG_WARN_INFINITE_RECURSION = YES;
				CLANG_WARN_INT_CONVERSION = YES;
				CLANG_WARN_NON_LITERAL_NULL_CONVERSION = YES;
				CLANG_WARN_OBJC_IMPLICIT_RETAIN_SELF = YES;
				CLANG_WARN_OBJC_LITERAL_CONVERSION = YES;
				CLANG_WARN_OBJC_ROOT_CLASS = YES_ERROR;
				CLANG_WARN_QUOTED_INCLUDE_IN_FRAMEWORK_HEADER = YES;
				CLANG_WARN_RANGE_LOOP_ANALYSIS = YES;
				CLANG_WARN_STRICT_PROTOTYPES = YES;
				CLANG_WARN_SUSPICIOUS_MOVE = YES;
				CLANG_WARN_UNGUARDED_AVAILABILITY = YES_AGGRESSIVE;
				CLANG_WARN_UNREACHABLE_CODE = YES;
				CLANG_WARN__DUPLICATE_METHOD_MATCH = YES;
				COPY_PHASE_STRIP = NO;
				DEBUG_INFORMATION_FORMAT = dwarf;
				ENABLE_STRICT_OBJC_MSGSEND = YES;
				ENABLE_TESTABILITY = YES;
				GCC_C_LANGUAGE_STANDARD = gnu11;
				GCC_DYNAMIC_NO_PIC = NO;
				GCC_NO_COMMON_BLOCKS = YES;
				GCC_OPTIMIZATION_LEVEL = 0;
				GCC_PREPROCESSOR_DEFINITIONS = (
					"DEBUG=1",
					"$(inherited)",
				);
				GCC_WARN_64_TO_32_BIT_CONVERSION = YES;
				GCC_WARN_ABOUT_RETURN_TYPE = YES_ERROR;
				GCC_WARN_UNDECLARED_SELECTOR = YES;
				GCC_WARN_UNINITIALIZED_AUTOS = YES_AGGRESSIVE;
				GCC_WARN_UNUSED_FUNCTION = YES;
				GCC_WARN_UNUSED_VARIABLE = YES;
				IPHONEOS_DEPLOYMENT_TARGET = 16.4;
				MTL_ENABLE_DEBUG_INFO = INCLUDE_SOURCE;
				MTL_FAST_MATH = YES;
				ONLY_ACTIVE_ARCH = YES;
				SDKROOT = iphoneos;
				SWIFT_ACTIVE_COMPILATION_CONDITIONS = DEBUG;
				SWIFT_OPTIMIZATION_LEVEL = "-Onone";
			};
			name = Debug;
		};
		FB926F012A7D502800FBCADA /* Release */ = {
			isa = XCBuildConfiguration;
			buildSettings = {
				ALWAYS_SEARCH_USER_PATHS = NO;
				CLANG_ANALYZER_NONNULL = YES;
				CLANG_ANALYZER_NUMBER_OBJECT_CONVERSION = YES_AGGRESSIVE;
				CLANG_CXX_LANGUAGE_STANDARD = "gnu++20";
				CLANG_ENABLE_MODULES = YES;
				CLANG_ENABLE_OBJC_ARC = YES;
				CLANG_ENABLE_OBJC_WEAK = YES;
				CLANG_WARN_BLOCK_CAPTURE_AUTORELEASING = YES;
				CLANG_WARN_BOOL_CONVERSION = YES;
				CLANG_WARN_COMMA = YES;
				CLANG_WARN_CONSTANT_CONVERSION = YES;
				CLANG_WARN_DEPRECATED_OBJC_IMPLEMENTATIONS = YES;
				CLANG_WARN_DIRECT_OBJC_ISA_USAGE = YES_ERROR;
				CLANG_WARN_DOCUMENTATION_COMMENTS = YES;
				CLANG_WARN_EMPTY_BODY = YES;
				CLANG_WARN_ENUM_CONVERSION = YES;
				CLANG_WARN_INFINITE_RECURSION = YES;
				CLANG_WARN_INT_CONVERSION = YES;
				CLANG_WARN_NON_LITERAL_NULL_CONVERSION = YES;
				CLANG_WARN_OBJC_IMPLICIT_RETAIN_SELF = YES;
				CLANG_WARN_OBJC_LITERAL_CONVERSION = YES;
				CLANG_WARN_OBJC_ROOT_CLASS = YES_ERROR;
				CLANG_WARN_QUOTED_INCLUDE_IN_FRAMEWORK_HEADER = YES;
				CLANG_WARN_RANGE_LOOP_ANALYSIS = YES;
				CLANG_WARN_STRICT_PROTOTYPES = YES;
				CLANG_WARN_SUSPICIOUS_MOVE = YES;
				CLANG_WARN_UNGUARDED_AVAILABILITY = YES_AGGRESSIVE;
				CLANG_WARN_UNREACHABLE_CODE = YES;
				CLANG_WARN__DUPLICATE_METHOD_MATCH = YES;
				COPY_PHASE_STRIP = NO;
				DEBUG_INFORMATION_FORMAT = "dwarf-with-dsym";
				ENABLE_NS_ASSERTIONS = NO;
				ENABLE_STRICT_OBJC_MSGSEND = YES;
				GCC_C_LANGUAGE_STANDARD = gnu11;
				GCC_NO_COMMON_BLOCKS = YES;
				GCC_WARN_64_TO_32_BIT_CONVERSION = YES;
				GCC_WARN_ABOUT_RETURN_TYPE = YES_ERROR;
				GCC_WARN_UNDECLARED_SELECTOR = YES;
				GCC_WARN_UNINITIALIZED_AUTOS = YES_AGGRESSIVE;
				GCC_WARN_UNUSED_FUNCTION = YES;
				GCC_WARN_UNUSED_VARIABLE = YES;
				IPHONEOS_DEPLOYMENT_TARGET = 16.4;
				MTL_ENABLE_DEBUG_INFO = NO;
				MTL_FAST_MATH = YES;
				SDKROOT = iphoneos;
				SWIFT_COMPILATION_MODE = wholemodule;
				SWIFT_OPTIMIZATION_LEVEL = "-O";
				VALIDATE_PRODUCT = YES;
			};
			name = Release;
		};
		FB926F032A7D502800FBCADA /* Debug */ = {
			isa = XCBuildConfiguration;
			buildSettings = {
				ASSETCATALOG_COMPILER_APPICON_NAME = AppIcon;
				ASSETCATALOG_COMPILER_GLOBAL_ACCENT_COLOR_NAME = AccentColor;
				CODE_SIGN_STYLE = Automatic;
				CURRENT_PROJECT_VERSION = 1;
				DEVELOPMENT_TEAM = 7T3VM8QML9;
				GENERATE_INFOPLIST_FILE = YES;
				INFOPLIST_FILE = Example/Info.plist;
				INFOPLIST_KEY_UIApplicationSupportsIndirectInputEvents = YES;
				INFOPLIST_KEY_UILaunchStoryboardName = LaunchScreen;
				INFOPLIST_KEY_UISupportedInterfaceOrientations_iPad = "UIInterfaceOrientationPortrait UIInterfaceOrientationPortraitUpsideDown UIInterfaceOrientationLandscapeLeft UIInterfaceOrientationLandscapeRight";
				INFOPLIST_KEY_UISupportedInterfaceOrientations_iPhone = "UIInterfaceOrientationPortrait UIInterfaceOrientationLandscapeLeft UIInterfaceOrientationLandscapeRight";
				LD_RUNPATH_SEARCH_PATHS = (
					"$(inherited)",
					"@executable_path/Frameworks",
				);
				MARKETING_VERSION = 1.0;
				PRODUCT_BUNDLE_IDENTIFIER = "com.potap-yur.view-state-based-swiftui.example.Example";
				PRODUCT_NAME = "$(TARGET_NAME)";
				SWIFT_EMIT_LOC_STRINGS = YES;
				SWIFT_STRICT_CONCURRENCY = complete;
				SWIFT_VERSION = 5.0;
				TARGETED_DEVICE_FAMILY = "1,2";
			};
			name = Debug;
		};
		FB926F042A7D502800FBCADA /* Release */ = {
			isa = XCBuildConfiguration;
			buildSettings = {
				ASSETCATALOG_COMPILER_APPICON_NAME = AppIcon;
				ASSETCATALOG_COMPILER_GLOBAL_ACCENT_COLOR_NAME = AccentColor;
				CODE_SIGN_STYLE = Automatic;
				CURRENT_PROJECT_VERSION = 1;
				DEVELOPMENT_TEAM = 7T3VM8QML9;
				GENERATE_INFOPLIST_FILE = YES;
				INFOPLIST_FILE = Example/Info.plist;
				INFOPLIST_KEY_UIApplicationSupportsIndirectInputEvents = YES;
				INFOPLIST_KEY_UILaunchStoryboardName = LaunchScreen;
				INFOPLIST_KEY_UISupportedInterfaceOrientations_iPad = "UIInterfaceOrientationPortrait UIInterfaceOrientationPortraitUpsideDown UIInterfaceOrientationLandscapeLeft UIInterfaceOrientationLandscapeRight";
				INFOPLIST_KEY_UISupportedInterfaceOrientations_iPhone = "UIInterfaceOrientationPortrait UIInterfaceOrientationLandscapeLeft UIInterfaceOrientationLandscapeRight";
				LD_RUNPATH_SEARCH_PATHS = (
					"$(inherited)",
					"@executable_path/Frameworks",
				);
				MARKETING_VERSION = 1.0;
				PRODUCT_BUNDLE_IDENTIFIER = "com.potap-yur.view-state-based-swiftui.example.Example";
				PRODUCT_NAME = "$(TARGET_NAME)";
				SWIFT_EMIT_LOC_STRINGS = YES;
				SWIFT_STRICT_CONCURRENCY = complete;
				SWIFT_VERSION = 5.0;
				TARGETED_DEVICE_FAMILY = "1,2";
			};
			name = Release;
		};
/* End XCBuildConfiguration section */

/* Begin XCConfigurationList section */
		FB926EE92A7D502700FBCADA /* Build configuration list for PBXProject "Example" */ = {
			isa = XCConfigurationList;
			buildConfigurations = (
				FB926F002A7D502800FBCADA /* Debug */,
				FB926F012A7D502800FBCADA /* Release */,
			);
			defaultConfigurationIsVisible = 0;
			defaultConfigurationName = Release;
		};
		FB926F022A7D502800FBCADA /* Build configuration list for PBXNativeTarget "Example" */ = {
			isa = XCConfigurationList;
			buildConfigurations = (
				FB926F032A7D502800FBCADA /* Debug */,
				FB926F042A7D502800FBCADA /* Release */,
			);
			defaultConfigurationIsVisible = 0;
			defaultConfigurationName = Release;
		};
/* End XCConfigurationList section */

/* Begin XCRemoteSwiftPackageReference section */
		FB9FF8E32A7D521F00DCA25D /* XCRemoteSwiftPackageReference "swift-async-algorithms" */ = {
			isa = XCRemoteSwiftPackageReference;
			repositoryURL = "https://github.com/apple/swift-async-algorithms.git";
			requirement = {
				kind = upToNextMajorVersion;
				minimumVersion = 0.1.0;
			};
		};
/* End XCRemoteSwiftPackageReference section */

/* Begin XCSwiftPackageProductDependency section */
		FB9FF8E12A7D519B00DCA25D /* ViewStateBasedSwiftUI */ = {
			isa = XCSwiftPackageProductDependency;
			productName = ViewStateBasedSwiftUI;
		};
		FB9FF8E42A7D521F00DCA25D /* AsyncAlgorithms */ = {
			isa = XCSwiftPackageProductDependency;
			package = FB9FF8E32A7D521F00DCA25D /* XCRemoteSwiftPackageReference "swift-async-algorithms" */;
			productName = AsyncAlgorithms;
		};
/* End XCSwiftPackageProductDependency section */
	};
	rootObject = FB926EE62A7D502700FBCADA /* Project object */;
}
